// !$*UTF8*$!
{
	archiveVersion = 1;
	classes = {
	};
	objectVersion = 56;
	objects = {

/* Begin PBXBuildFile section */
		B245715D2C3AB90D00C6F363 /* Movie+CoreDataClass.swift in Sources */ = {isa = PBXBuildFile; fileRef = B245715B2C3AB90D00C6F363 /* Movie+CoreDataClass.swift */; };
		B245715E2C3AB90D00C6F363 /* Movie+CoreDataProperties.swift in Sources */ = {isa = PBXBuildFile; fileRef = B245715C2C3AB90D00C6F363 /* Movie+CoreDataProperties.swift */; };
		B2ABE0652C2FEE0900D10FA4 /* MovieList.swift in Sources */ = {isa = PBXBuildFile; fileRef = B2ABE0642C2FEE0900D10FA4 /* MovieList.swift */; };
		B2ABE0672C3010B300D10FA4 /* ListViewController.swift in Sources */ = {isa = PBXBuildFile; fileRef = B2ABE0662C3010B300D10FA4 /* ListViewController.swift */; };
		B2ABE0692C30161500D10FA4 /* ListViewModel.swift in Sources */ = {isa = PBXBuildFile; fileRef = B2ABE0682C30161500D10FA4 /* ListViewModel.swift */; };
		B2DA0F052C2EFBA6003435DB /* AppDelegate.swift in Sources */ = {isa = PBXBuildFile; fileRef = B2DA0F042C2EFBA6003435DB /* AppDelegate.swift */; };
		B2DA0F072C2EFBA6003435DB /* SceneDelegate.swift in Sources */ = {isa = PBXBuildFile; fileRef = B2DA0F062C2EFBA6003435DB /* SceneDelegate.swift */; };
		B2DA0F092C2EFBA6003435DB /* AddMoviewViewController.swift in Sources */ = {isa = PBXBuildFile; fileRef = B2DA0F082C2EFBA6003435DB /* AddMoviewViewController.swift */; };
		B2DA0F0E2C2EFBA8003435DB /* Assets.xcassets in Resources */ = {isa = PBXBuildFile; fileRef = B2DA0F0D2C2EFBA8003435DB /* Assets.xcassets */; };
		B2DA0F112C2EFBA8003435DB /* LaunchScreen.storyboard in Resources */ = {isa = PBXBuildFile; fileRef = B2DA0F0F2C2EFBA8003435DB /* LaunchScreen.storyboard */; };
		B2DA0F1A2C2EFC72003435DB /* CDFundamentals.xcdatamodeld in Sources */ = {isa = PBXBuildFile; fileRef = B2DA0F182C2EFC72003435DB /* CDFundamentals.xcdatamodeld */; };
		B2DA0F1C2C2EFDAB003435DB /* StorageProvider.swift in Sources */ = {isa = PBXBuildFile; fileRef = B2DA0F1B2C2EFDAB003435DB /* StorageProvider.swift */; };
		B2FC0BF22C32E5AC00CD91A8 /* UIImageTransformer.swift in Sources */ = {isa = PBXBuildFile; fileRef = B2FC0BF12C32E5AC00CD91A8 /* UIImageTransformer.swift */; };
/* End PBXBuildFile section */

/* Begin PBXFileReference section */
		B245715B2C3AB90D00C6F363 /* Movie+CoreDataClass.swift */ = {isa = PBXFileReference; lastKnownFileType = sourcecode.swift; name = "Movie+CoreDataClass.swift"; path = "../../Movie+CoreDataClass.swift"; sourceTree = "<group>"; };
		B245715C2C3AB90D00C6F363 /* Movie+CoreDataProperties.swift */ = {isa = PBXFileReference; lastKnownFileType = sourcecode.swift; name = "Movie+CoreDataProperties.swift"; path = "../../Movie+CoreDataProperties.swift"; sourceTree = "<group>"; };
		B2ABE0642C2FEE0900D10FA4 /* MovieList.swift */ = {isa = PBXFileReference; lastKnownFileType = sourcecode.swift; path = MovieList.swift; sourceTree = "<group>"; };
		B2ABE0662C3010B300D10FA4 /* ListViewController.swift */ = {isa = PBXFileReference; lastKnownFileType = sourcecode.swift; path = ListViewController.swift; sourceTree = "<group>"; };
		B2ABE0682C30161500D10FA4 /* ListViewModel.swift */ = {isa = PBXFileReference; lastKnownFileType = sourcecode.swift; path = ListViewModel.swift; sourceTree = "<group>"; };
		B2DA0F012C2EFBA6003435DB /* CoreDataFundamentals.app */ = {isa = PBXFileReference; explicitFileType = wrapper.application; includeInIndex = 0; path = CoreDataFundamentals.app; sourceTree = BUILT_PRODUCTS_DIR; };
		B2DA0F042C2EFBA6003435DB /* AppDelegate.swift */ = {isa = PBXFileReference; lastKnownFileType = sourcecode.swift; path = AppDelegate.swift; sourceTree = "<group>"; };
		B2DA0F062C2EFBA6003435DB /* SceneDelegate.swift */ = {isa = PBXFileReference; lastKnownFileType = sourcecode.swift; path = SceneDelegate.swift; sourceTree = "<group>"; };
		B2DA0F082C2EFBA6003435DB /* AddMoviewViewController.swift */ = {isa = PBXFileReference; lastKnownFileType = sourcecode.swift; path = AddMoviewViewController.swift; sourceTree = "<group>"; };
		B2DA0F0D2C2EFBA8003435DB /* Assets.xcassets */ = {isa = PBXFileReference; lastKnownFileType = folder.assetcatalog; path = Assets.xcassets; sourceTree = "<group>"; };
		B2DA0F102C2EFBA8003435DB /* Base */ = {isa = PBXFileReference; lastKnownFileType = file.storyboard; name = Base; path = Base.lproj/LaunchScreen.storyboard; sourceTree = "<group>"; };
		B2DA0F122C2EFBA8003435DB /* Info.plist */ = {isa = PBXFileReference; lastKnownFileType = text.plist.xml; path = Info.plist; sourceTree = "<group>"; };
		B2DA0F192C2EFC72003435DB /* CDFundamentals.xcdatamodel */ = {isa = PBXFileReference; lastKnownFileType = wrapper.xcdatamodel; path = CDFundamentals.xcdatamodel; sourceTree = "<group>"; };
		B2DA0F1B2C2EFDAB003435DB /* StorageProvider.swift */ = {isa = PBXFileReference; lastKnownFileType = sourcecode.swift; path = StorageProvider.swift; sourceTree = "<group>"; };
		B2FC0BF12C32E5AC00CD91A8 /* UIImageTransformer.swift */ = {isa = PBXFileReference; lastKnownFileType = sourcecode.swift; path = UIImageTransformer.swift; sourceTree = "<group>"; };
/* End PBXFileReference section */

/* Begin PBXFrameworksBuildPhase section */
		B2DA0EFE2C2EFBA6003435DB /* Frameworks */ = {
			isa = PBXFrameworksBuildPhase;
			buildActionMask = 2147483647;
			files = (
			);
			runOnlyForDeploymentPostprocessing = 0;
		};
/* End PBXFrameworksBuildPhase section */

/* Begin PBXGroup section */
		B2D94DE12C303BDF00E9A45F /* Views */ = {
			isa = PBXGroup;
			children = (
				B2ABE0642C2FEE0900D10FA4 /* MovieList.swift */,
				B2DA0F082C2EFBA6003435DB /* AddMoviewViewController.swift */,
				B2ABE0662C3010B300D10FA4 /* ListViewController.swift */,
			);
			path = Views;
			sourceTree = "<group>";
		};
		B2D94DE22C303BF000E9A45F /* ViewModels */ = {
			isa = PBXGroup;
			children = (
				B2ABE0682C30161500D10FA4 /* ListViewModel.swift */,
			);
			path = ViewModels;
			sourceTree = "<group>";
		};
		B2DA0EF82C2EFBA6003435DB = {
			isa = PBXGroup;
			children = (
				B2DA0F032C2EFBA6003435DB /* CoreDataFundamentals */,
				B2DA0F022C2EFBA6003435DB /* Products */,
			);
			sourceTree = "<group>";
		};
		B2DA0F022C2EFBA6003435DB /* Products */ = {
			isa = PBXGroup;
			children = (
				B2DA0F012C2EFBA6003435DB /* CoreDataFundamentals.app */,
			);
			name = Products;
			sourceTree = "<group>";
		};
		B2DA0F032C2EFBA6003435DB /* CoreDataFundamentals */ = {
			isa = PBXGroup;
			children = (
				B2FC0BF72C330B6300CD91A8 /* ManagedObjects */,
				B2D94DE22C303BF000E9A45F /* ViewModels */,
				B2D94DE12C303BDF00E9A45F /* Views */,
				B2DA0F042C2EFBA6003435DB /* AppDelegate.swift */,
				B2DA0F062C2EFBA6003435DB /* SceneDelegate.swift */,
				B2DA0F182C2EFC72003435DB /* CDFundamentals.xcdatamodeld */,
				B2DA0F0D2C2EFBA8003435DB /* Assets.xcassets */,
				B2DA0F0F2C2EFBA8003435DB /* LaunchScreen.storyboard */,
				B2DA0F122C2EFBA8003435DB /* Info.plist */,
				B2DA0F1B2C2EFDAB003435DB /* StorageProvider.swift */,
				B2FC0BF12C32E5AC00CD91A8 /* UIImageTransformer.swift */,
			);
			path = CoreDataFundamentals;
			sourceTree = "<group>";
		};
		B2FC0BF72C330B6300CD91A8 /* ManagedObjects */ = {
			isa = PBXGroup;
			children = (
				B245715B2C3AB90D00C6F363 /* Movie+CoreDataClass.swift */,
				B245715C2C3AB90D00C6F363 /* Movie+CoreDataProperties.swift */,
			);
			path = ManagedObjects;
			sourceTree = "<group>";
		};
/* End PBXGroup section */

/* Begin PBXNativeTarget section */
		B2DA0F002C2EFBA6003435DB /* CoreDataFundamentals */ = {
			isa = PBXNativeTarget;
			buildConfigurationList = B2DA0F152C2EFBA8003435DB /* Build configuration list for PBXNativeTarget "CoreDataFundamentals" */;
			buildPhases = (
				B2DA0EFD2C2EFBA6003435DB /* Sources */,
				B2DA0EFE2C2EFBA6003435DB /* Frameworks */,
				B2DA0EFF2C2EFBA6003435DB /* Resources */,
			);
			buildRules = (
			);
			dependencies = (
			);
			name = CoreDataFundamentals;
			productName = CoreDataFundamentals;
			productReference = B2DA0F012C2EFBA6003435DB /* CoreDataFundamentals.app */;
			productType = "com.apple.product-type.application";
		};
/* End PBXNativeTarget section */

/* Begin PBXProject section */
		B2DA0EF92C2EFBA6003435DB /* Project object */ = {
			isa = PBXProject;
			attributes = {
				BuildIndependentTargetsInParallel = 1;
				LastSwiftUpdateCheck = 1500;
				LastUpgradeCheck = 1500;
				TargetAttributes = {
					B2DA0F002C2EFBA6003435DB = {
						CreatedOnToolsVersion = 15.0;
					};
				};
			};
			buildConfigurationList = B2DA0EFC2C2EFBA6003435DB /* Build configuration list for PBXProject "CoreDataFundamentals" */;
			compatibilityVersion = "Xcode 14.0";
			developmentRegion = en;
			hasScannedForEncodings = 0;
			knownRegions = (
				en,
				Base,
			);
			mainGroup = B2DA0EF82C2EFBA6003435DB;
			productRefGroup = B2DA0F022C2EFBA6003435DB /* Products */;
			projectDirPath = "";
			projectRoot = "";
			targets = (
				B2DA0F002C2EFBA6003435DB /* CoreDataFundamentals */,
			);
		};
/* End PBXProject section */

/* Begin PBXResourcesBuildPhase section */
		B2DA0EFF2C2EFBA6003435DB /* Resources */ = {
			isa = PBXResourcesBuildPhase;
			buildActionMask = 2147483647;
			files = (
				B2DA0F112C2EFBA8003435DB /* LaunchScreen.storyboard in Resources */,
				B2DA0F0E2C2EFBA8003435DB /* Assets.xcassets in Resources */,
			);
			runOnlyForDeploymentPostprocessing = 0;
		};
/* End PBXResourcesBuildPhase section */

/* Begin PBXSourcesBuildPhase section */
		B2DA0EFD2C2EFBA6003435DB /* Sources */ = {
			isa = PBXSourcesBuildPhase;
			buildActionMask = 2147483647;
			files = (
				B2ABE0652C2FEE0900D10FA4 /* MovieList.swift in Sources */,
				B2DA0F1A2C2EFC72003435DB /* CDFundamentals.xcdatamodeld in Sources */,
				B2FC0BF22C32E5AC00CD91A8 /* UIImageTransformer.swift in Sources */,
				B2DA0F092C2EFBA6003435DB /* AddMoviewViewController.swift in Sources */,
				B245715D2C3AB90D00C6F363 /* Movie+CoreDataClass.swift in Sources */,
				B2DA0F052C2EFBA6003435DB /* AppDelegate.swift in Sources */,
				B2DA0F072C2EFBA6003435DB /* SceneDelegate.swift in Sources */,
				B2DA0F1C2C2EFDAB003435DB /* StorageProvider.swift in Sources */,
				B2ABE0692C30161500D10FA4 /* ListViewModel.swift in Sources */,
				B245715E2C3AB90D00C6F363 /* Movie+CoreDataProperties.swift in Sources */,
				B2ABE0672C3010B300D10FA4 /* ListViewController.swift in Sources */,
			);
			runOnlyForDeploymentPostprocessing = 0;
		};
/* End PBXSourcesBuildPhase section */

/* Begin PBXVariantGroup section */
		B2DA0F0F2C2EFBA8003435DB /* LaunchScreen.storyboard */ = {
			isa = PBXVariantGroup;
			children = (
				B2DA0F102C2EFBA8003435DB /* Base */,
			);
			name = LaunchScreen.storyboard;
			sourceTree = "<group>";
		};
/* End PBXVariantGroup section */

/* Begin XCBuildConfiguration section */
		B2DA0F132C2EFBA8003435DB /* Debug */ = {
			isa = XCBuildConfiguration;
			buildSettings = {
				ALWAYS_SEARCH_USER_PATHS = NO;
				ASSETCATALOG_COMPILER_GENERATE_SWIFT_ASSET_SYMBOL_EXTENSIONS = YES;
				CLANG_ANALYZER_NONNULL = YES;
				CLANG_ANALYZER_NUMBER_OBJECT_CONVERSION = YES_AGGRESSIVE;
				CLANG_CXX_LANGUAGE_STANDARD = "gnu++20";
				CLANG_ENABLE_MODULES = YES;
				CLANG_ENABLE_OBJC_ARC = YES;
				CLANG_ENABLE_OBJC_WEAK = YES;
				CLANG_WARN_BLOCK_CAPTURE_AUTORELEASING = YES;
				CLANG_WARN_BOOL_CONVERSION = YES;
				CLANG_WARN_COMMA = YES;
				CLANG_WARN_CONSTANT_CONVERSION = YES;
				CLANG_WARN_DEPRECATED_OBJC_IMPLEMENTATIONS = YES;
				CLANG_WARN_DIRECT_OBJC_ISA_USAGE = YES_ERROR;
				CLANG_WARN_DOCUMENTATION_COMMENTS = YES;
				CLANG_WARN_EMPTY_BODY = YES;
				CLANG_WARN_ENUM_CONVERSION = YES;
				CLANG_WARN_INFINITE_RECURSION = YES;
				CLANG_WARN_INT_CONVERSION = YES;
				CLANG_WARN_NON_LITERAL_NULL_CONVERSION = YES;
				CLANG_WARN_OBJC_IMPLICIT_RETAIN_SELF = YES;
				CLANG_WARN_OBJC_LITERAL_CONVERSION = YES;
				CLANG_WARN_OBJC_ROOT_CLASS = YES_ERROR;
				CLANG_WARN_QUOTED_INCLUDE_IN_FRAMEWORK_HEADER = YES;
				CLANG_WARN_RANGE_LOOP_ANALYSIS = YES;
				CLANG_WARN_STRICT_PROTOTYPES = YES;
				CLANG_WARN_SUSPICIOUS_MOVE = YES;
				CLANG_WARN_UNGUARDED_AVAILABILITY = YES_AGGRESSIVE;
				CLANG_WARN_UNREACHABLE_CODE = YES;
				CLANG_WARN__DUPLICATE_METHOD_MATCH = YES;
				COPY_PHASE_STRIP = NO;
				DEBUG_INFORMATION_FORMAT = dwarf;
				ENABLE_STRICT_OBJC_MSGSEND = YES;
				ENABLE_TESTABILITY = YES;
				ENABLE_USER_SCRIPT_SANDBOXING = YES;
				GCC_C_LANGUAGE_STANDARD = gnu17;
				GCC_DYNAMIC_NO_PIC = NO;
				GCC_NO_COMMON_BLOCKS = YES;
				GCC_OPTIMIZATION_LEVEL = 0;
				GCC_PREPROCESSOR_DEFINITIONS = (
					"DEBUG=1",
					"$(inherited)",
				);
				GCC_WARN_64_TO_32_BIT_CONVERSION = YES;
				GCC_WARN_ABOUT_RETURN_TYPE = YES_ERROR;
				GCC_WARN_UNDECLARED_SELECTOR = YES;
				GCC_WARN_UNINITIALIZED_AUTOS = YES_AGGRESSIVE;
				GCC_WARN_UNUSED_FUNCTION = YES;
				GCC_WARN_UNUSED_VARIABLE = YES;
				IPHONEOS_DEPLOYMENT_TARGET = 17.0;
				LOCALIZATION_PREFERS_STRING_CATALOGS = YES;
				MTL_ENABLE_DEBUG_INFO = INCLUDE_SOURCE;
				MTL_FAST_MATH = YES;
				ONLY_ACTIVE_ARCH = YES;
				SDKROOT = iphoneos;
				SWIFT_ACTIVE_COMPILATION_CONDITIONS = "DEBUG $(inherited)";
				SWIFT_OPTIMIZATION_LEVEL = "-Onone";
			};
			name = Debug;
		};
		B2DA0F142C2EFBA8003435DB /* Release */ = {
			isa = XCBuildConfiguration;
			buildSettings = {
				ALWAYS_SEARCH_USER_PATHS = NO;
				ASSETCATALOG_COMPILER_GENERATE_SWIFT_ASSET_SYMBOL_EXTENSIONS = YES;
				CLANG_ANALYZER_NONNULL = YES;
				CLANG_ANALYZER_NUMBER_OBJECT_CONVERSION = YES_AGGRESSIVE;
				CLANG_CXX_LANGUAGE_STANDARD = "gnu++20";
				CLANG_ENABLE_MODULES = YES;
				CLANG_ENABLE_OBJC_ARC = YES;
				CLANG_ENABLE_OBJC_WEAK = YES;
				CLANG_WARN_BLOCK_CAPTURE_AUTORELEASING = YES;
				CLANG_WARN_BOOL_CONVERSION = YES;
				CLANG_WARN_COMMA = YES;
				CLANG_WARN_CONSTANT_CONVERSION = YES;
				CLANG_WARN_DEPRECATED_OBJC_IMPLEMENTATIONS = YES;
				CLANG_WARN_DIRECT_OBJC_ISA_USAGE = YES_ERROR;
				CLANG_WARN_DOCUMENTATION_COMMENTS = YES;
				CLANG_WARN_EMPTY_BODY = YES;
				CLANG_WARN_ENUM_CONVERSION = YES;
				CLANG_WARN_INFINITE_RECURSION = YES;
				CLANG_WARN_INT_CONVERSION = YES;
				CLANG_WARN_NON_LITERAL_NULL_CONVERSION = YES;
				CLANG_WARN_OBJC_IMPLICIT_RETAIN_SELF = YES;
				CLANG_WARN_OBJC_LITERAL_CONVERSION = YES;
				CLANG_WARN_OBJC_ROOT_CLASS = YES_ERROR;
				CLANG_WARN_QUOTED_INCLUDE_IN_FRAMEWORK_HEADER = YES;
				CLANG_WARN_RANGE_LOOP_ANALYSIS = YES;
				CLANG_WARN_STRICT_PROTOTYPES = YES;
				CLANG_WARN_SUSPICIOUS_MOVE = YES;
				CLANG_WARN_UNGUARDED_AVAILABILITY = YES_AGGRESSIVE;
				CLANG_WARN_UNREACHABLE_CODE = YES;
				CLANG_WARN__DUPLICATE_METHOD_MATCH = YES;
				COPY_PHASE_STRIP = NO;
				DEBUG_INFORMATION_FORMAT = "dwarf-with-dsym";
				ENABLE_NS_ASSERTIONS = NO;
				ENABLE_STRICT_OBJC_MSGSEND = YES;
				ENABLE_USER_SCRIPT_SANDBOXING = YES;
				GCC_C_LANGUAGE_STANDARD = gnu17;
				GCC_NO_COMMON_BLOCKS = YES;
				GCC_WARN_64_TO_32_BIT_CONVERSION = YES;
				GCC_WARN_ABOUT_RETURN_TYPE = YES_ERROR;
				GCC_WARN_UNDECLARED_SELECTOR = YES;
				GCC_WARN_UNINITIALIZED_AUTOS = YES_AGGRESSIVE;
				GCC_WARN_UNUSED_FUNCTION = YES;
				GCC_WARN_UNUSED_VARIABLE = YES;
				IPHONEOS_DEPLOYMENT_TARGET = 17.0;
				LOCALIZATION_PREFERS_STRING_CATALOGS = YES;
				MTL_ENABLE_DEBUG_INFO = NO;
				MTL_FAST_MATH = YES;
				SDKROOT = iphoneos;
				SWIFT_COMPILATION_MODE = wholemodule;
				VALIDATE_PRODUCT = YES;
			};
			name = Release;
		};
		B2DA0F162C2EFBA8003435DB /* Debug */ = {
			isa = XCBuildConfiguration;
			buildSettings = {
				ASSETCATALOG_COMPILER_APPICON_NAME = AppIcon;
				ASSETCATALOG_COMPILER_GLOBAL_ACCENT_COLOR_NAME = AccentColor;
				CODE_SIGN_STYLE = Automatic;
				CURRENT_PROJECT_VERSION = 1;
				DEVELOPMENT_TEAM = Z6547UGYP5;
				GENERATE_INFOPLIST_FILE = YES;
				INFOPLIST_FILE = CoreDataFundamentals/Info.plist;
				INFOPLIST_KEY_UIApplicationSupportsIndirectInputEvents = YES;
				INFOPLIST_KEY_UILaunchStoryboardName = LaunchScreen;
				INFOPLIST_KEY_UISupportedInterfaceOrientations_iPad = "UIInterfaceOrientationPortrait UIInterfaceOrientationPortraitUpsideDown UIInterfaceOrientationLandscapeLeft UIInterfaceOrientationLandscapeRight";
				INFOPLIST_KEY_UISupportedInterfaceOrientations_iPhone = "UIInterfaceOrientationPortrait UIInterfaceOrientationLandscapeLeft UIInterfaceOrientationLandscapeRight";
				LD_RUNPATH_SEARCH_PATHS = (
					"$(inherited)",
					"@executable_path/Frameworks",
				);
				MARKETING_VERSION = 1.0;
				PRODUCT_BUNDLE_IDENTIFIER = com.ankith.CoreDataFundamentals;
				PRODUCT_NAME = "$(TARGET_NAME)";
				SWIFT_EMIT_LOC_STRINGS = YES;
				SWIFT_VERSION = 5.0;
				TARGETED_DEVICE_FAMILY = "1,2";
			};
			name = Debug;
		};
		B2DA0F172C2EFBA8003435DB /* Release */ = {
			isa = XCBuildConfiguration;
			buildSettings = {
				ASSETCATALOG_COMPILER_APPICON_NAME = AppIcon;
				ASSETCATALOG_COMPILER_GLOBAL_ACCENT_COLOR_NAME = AccentColor;
				CODE_SIGN_STYLE = Automatic;
				CURRENT_PROJECT_VERSION = 1;
				DEVELOPMENT_TEAM = Z6547UGYP5;
				GENERATE_INFOPLIST_FILE = YES;
				INFOPLIST_FILE = CoreDataFundamentals/Info.plist;
				INFOPLIST_KEY_UIApplicationSupportsIndirectInputEvents = YES;
				INFOPLIST_KEY_UILaunchStoryboardName = LaunchScreen;
				INFOPLIST_KEY_UISupportedInterfaceOrientations_iPad = "UIInterfaceOrientationPortrait UIInterfaceOrientationPortraitUpsideDown UIInterfaceOrientationLandscapeLeft UIInterfaceOrientationLandscapeRight";
				INFOPLIST_KEY_UISupportedInterfaceOrientations_iPhone = "UIInterfaceOrientationPortrait UIInterfaceOrientationLandscapeLeft UIInterfaceOrientationLandscapeRight";
				LD_RUNPATH_SEARCH_PATHS = (
					"$(inherited)",
					"@executable_path/Frameworks",
				);
				MARKETING_VERSION = 1.0;
				PRODUCT_BUNDLE_IDENTIFIER = com.ankith.CoreDataFundamentals;
				PRODUCT_NAME = "$(TARGET_NAME)";
				SWIFT_EMIT_LOC_STRINGS = YES;
				SWIFT_VERSION = 5.0;
				TARGETED_DEVICE_FAMILY = "1,2";
			};
			name = Release;
		};
/* End XCBuildConfiguration section */

/* Begin XCConfigurationList section */
		B2DA0EFC2C2EFBA6003435DB /* Build configuration list for PBXProject "CoreDataFundamentals" */ = {
			isa = XCConfigurationList;
			buildConfigurations = (
				B2DA0F132C2EFBA8003435DB /* Debug */,
				B2DA0F142C2EFBA8003435DB /* Release */,
			);
			defaultConfigurationIsVisible = 0;
			defaultConfigurationName = Release;
		};
		B2DA0F152C2EFBA8003435DB /* Build configuration list for PBXNativeTarget "CoreDataFundamentals" */ = {
			isa = XCConfigurationList;
			buildConfigurations = (
				B2DA0F162C2EFBA8003435DB /* Debug */,
				B2DA0F172C2EFBA8003435DB /* Release */,
			);
			defaultConfigurationIsVisible = 0;
			defaultConfigurationName = Release;
		};
/* End XCConfigurationList section */

/* Begin XCVersionGroup section */
		B2DA0F182C2EFC72003435DB /* CDFundamentals.xcdatamodeld */ = {
			isa = XCVersionGroup;
			children = (
				B2DA0F192C2EFC72003435DB /* CDFundamentals.xcdatamodel */,
			);
			currentVersion = B2DA0F192C2EFC72003435DB /* CDFundamentals.xcdatamodel */;
			path = CDFundamentals.xcdatamodeld;
			sourceTree = "<group>";
			versionGroupType = wrapper.xcdatamodel;
		};
/* End XCVersionGroup section */
	};
	rootObject = B2DA0EF92C2EFBA6003435DB /* Project object */;
}
